
Microsoft Visual Studio Solution File, Format Version 12.00
# Visual Studio 15
VisualStudioVersion = 15.0.27428.2015
MinimumVisualStudioVersion = 10.0.40219.1
Project("{FAE04EC0-301F-11D3-BF4B-00C04F79EFBC}") = "DynamicUIForModels", "DynamicUIForModels\DynamicUIForModels.csproj", "{085B1552-ECBD-4F8A-861D-BACB44DBA515}"
EndProject
Global
	GlobalSection(SolutionConfigurationPlatforms) = preSolution
		Debug|Any CPU = Debug|Any CPU
		Release|Any CPU = Release|Any CPU
	EndGlobalSection
	GlobalSection(ProjectConfigurationPlatforms) = postSolution
		{085B1552-ECBD-4F8A-861D-BACB44DBA515}.Debug|Any CPU.ActiveCfg = Debug|Any CPU
		{085B1552-ECBD-4F8A-861D-BACB44DBA515}.Debug|Any CPU.Build.0 = Debug|Any CPU
		{085B1552-ECBD-4F8A-861D-BACB44DBA515}.Release|Any CPU.ActiveCfg = Release|Any CPU
		{085B1552-ECBD-4F8A-861D-BACB44DBA515}.Release|Any CPU.Build.0 = Release|Any CPU
	EndGlobalSection
	GlobalSection(SolutionProperties) = preSolution
		HideSolutionNode = FALSE
	EndGlobalSection
	GlobalSection(ExtensibilityGlobals) = postSolution
		SolutionGuid = {2B6C20D4-C0A9-4563-B0B1-70BAEBF267AD}
	EndGlobalSection
EndGlobal
